
Microsoft Visual Studio Solution File, Format Version 12.00
# Visual Studio Version 16
VisualStudioVersion = 16.0.31105.61
MinimumVisualStudioVersion = 10.0.40219.1
Project("{FAE04EC0-301F-11D3-BF4B-00C04F79EFBC}") = "smsapp", "smsapp\smsapp.csproj", "{30C262AE-2273-4751-B7AD-D92562BD3CE1}"
EndProject
Global
	GlobalSection(SolutionConfigurationPlatforms) = preSolution
		Debug|Any CPU = Debug|Any CPU
		Release|Any CPU = Release|Any CPU
	EndGlobalSection
	GlobalSection(ProjectConfigurationPlatforms) = postSolution
		{30C262AE-2273-4751-B7AD-D92562BD3CE1}.Debug|Any CPU.ActiveCfg = Debug|Any CPU
		{30C262AE-2273-4751-B7AD-D92562BD3CE1}.Debug|Any CPU.Build.0 = Debug|Any CPU
		{30C262AE-2273-4751-B7AD-D92562BD3CE1}.Release|Any CPU.ActiveCfg = Release|Any CPU
		{30C262AE-2273-4751-B7AD-D92562BD3CE1}.Release|Any CPU.Build.0 = Release|Any CPU
	EndGlobalSection
	GlobalSection(SolutionProperties) = preSolution
		HideSolutionNode = FALSE
	EndGlobalSection
	GlobalSection(ExtensibilityGlobals) = postSolution
		SolutionGuid = {02B71F65-F8D8-454F-9B0D-4F4B17A3B925}
	EndGlobalSection
EndGlobal
